{
  "version": 4,
  "terraform_version": "1.2.6",
  "serial": 4,
  "lineage": "37721547-1f53-8aeb-0cfb-dc59c757c24f",
  "outputs": {},
  "resources": [
    {
      "mode": "data",
      "type": "civo_size",
      "name": "xsmall",
      "provider": "provider[\"registry.terraform.io/civo/civo\"]",
      "instances": [
        {
          "schema_version": 0,
          "attributes": {
            "filter": [
              {
                "all": false,
                "key": "type",
                "match_by": "exact",
                "values": [
                  "kubernetes"
                ]
              }
            ],
            "id": "terraform-20220807205013239200000001",
            "sizes": [
              {
                "cpu": 1,
                "description": "Extra Small - Standard",
                "disk": 30,
                "name": "g4s.kube.xsmall",
                "ram": 1024,
                "selectable": true,
                "type": "kubernetes"
              },
              {
                "cpu": 1,
                "description": "Small - Standard",
                "disk": 40,
                "name": "g4s.kube.small",
                "ram": 2048,
                "selectable": true,
                "type": "kubernetes"
              },
              {
                "cpu": 2,
                "description": "Medium - Standard",
                "disk": 50,
                "name": "g4s.kube.medium",
                "ram": 4096,
                "selectable": true,
                "type": "kubernetes"
              },
              {
                "cpu": 4,
                "description": "Large - Standard",
                "disk": 60,
                "name": "g4s.kube.large",
                "ram": 8192,
                "selectable": true,
                "type": "kubernetes"
              },
              {
                "cpu": 4,
                "description": "Small - Performance",
                "disk": 60,
                "name": "g4p.kube.small",
                "ram": 16384,
                "selectable": true,
                "type": "kubernetes"
              },
              {
                "cpu": 8,
                "description": "Small - CPU optimized",
                "disk": 60,
                "name": "g4c.kube.small",
                "ram": 16384,
                "selectable": true,
                "type": "kubernetes"
              },
              {
                "cpu": 2,
                "description": "Small - RAM optimized",
                "disk": 60,
                "name": "g4m.kube.small",
                "ram": 16384,
                "selectable": true,
                "type": "kubernetes"
              },
              {
                "cpu": 16,
                "description": "Medium - CPU optimized",
                "disk": 80,
                "name": "g4c.kube.medium",
                "ram": 32768,
                "selectable": true,
                "type": "kubernetes"
              },
              {
                "cpu": 8,
                "description": "Medium - Performance",
                "disk": 80,
                "name": "g4p.kube.medium",
                "ram": 32768,
                "selectable": true,
                "type": "kubernetes"
              },
              {
                "cpu": 4,
                "description": "Medium - RAM optimized",
                "disk": 80,
                "name": "g4m.kube.medium",
                "ram": 32768,
                "selectable": true,
                "type": "kubernetes"
              },
              {
                "cpu": 8,
                "description": "Large - RAM optimized",
                "disk": 120,
                "name": "g4m.kube.large",
                "ram": 65536,
                "selectable": true,
                "type": "kubernetes"
              },
              {
                "cpu": 16,
                "description": "Large - Performance",
                "disk": 120,
                "name": "g4p.kube.large",
                "ram": 65536,
                "selectable": true,
                "type": "kubernetes"
              },
              {
                "cpu": 32,
                "description": "Large - CPU optimized",
                "disk": 120,
                "name": "g4c.kube.large",
                "ram": 65536,
                "selectable": true,
                "type": "kubernetes"
              },
              {
                "cpu": 16,
                "description": "Extra Large - RAM optimized",
                "disk": 180,
                "name": "g4m.kube.xlarge",
                "ram": 131072,
                "selectable": true,
                "type": "kubernetes"
              },
              {
                "cpu": 32,
                "description": "Extra Large - Performance",
                "disk": 180,
                "name": "g4p.kube.xlarge",
                "ram": 131072,
                "selectable": true,
                "type": "kubernetes"
              },
              {
                "cpu": 64,
                "description": "Extra Large - CPU optimized",
                "disk": 180,
                "name": "g4c.kube.xlarge",
                "ram": 131072,
                "selectable": true,
                "type": "kubernetes"
              }
            ],
            "sort": [
              {
                "direction": "asc",
                "key": "ram"
              }
            ]
          },
          "sensitive_attributes": []
        }
      ]
    },
    {
      "mode": "managed",
      "type": "civo_firewall",
      "name": "my-firewall",
      "provider": "provider[\"registry.terraform.io/civo/civo\"]",
      "instances": [
        {
          "schema_version": 0,
          "attributes": {
            "create_default_rules": true,
            "id": "cf03e123-0955-476d-b875-d48caecfbe74",
            "name": "my-firewall",
            "network_id": "cfc4aa0d-758a-406d-8d24-eeddace50a17",
            "region": null
          },
          "sensitive_attributes": [],
          "private": "bnVsbA=="
        }
      ]
    },
    {
      "mode": "managed",
      "type": "civo_firewall_rule",
      "name": "kubernetes",
      "provider": "provider[\"registry.terraform.io/civo/civo\"]",
      "instances": [
        {
          "schema_version": 0,
          "attributes": {
            "action": "allow",
            "cidr": [
              "72.182.64.234"
            ],
            "direction": "ingress",
            "end_port": "6443",
            "firewall_id": "cf03e123-0955-476d-b875-d48caecfbe74",
            "id": "2dc81e91-01eb-49fb-b8d6-bfd3fc590fbe",
            "label": "kubernetes-api-server",
            "protocol": "tcp",
            "region": null,
            "start_port": "6443"
          },
          "sensitive_attributes": [],
          "private": "bnVsbA==",
          "dependencies": [
            "civo_firewall.my-firewall"
          ]
        }
      ]
    },
    {
      "mode": "managed",
      "type": "civo_kubernetes_cluster",
      "name": "my-cluster",
      "provider": "provider[\"registry.terraform.io/civo/civo\"]",
      "instances": [
        {
          "schema_version": 0,
          "attributes": {
            "api_endpoint": "https://212.2.240.30:6443",
            "applications": null,
            "cni": "flannel",
            "created_at": "2022-08-07 20:50:22 +0000 UTC",
            "dns_entry": "0e426b70-4931-4891-b006-0f0578e9cbef.k8s.civo.com",
            "firewall_id": "cf03e123-0955-476d-b875-d48caecfbe74",
            "id": "0e426b70-4931-4891-b006-0f0578e9cbef",
            "installed_applications": [],
            "kubeconfig": "apiVersion: v1\nclusters:\n- cluster:\n    certificate-authority-data: LS0tLS1CRUdJTiBDRVJUSUZJQ0FURS0tLS0tCk1JSUJkekNDQVIyZ0F3SUJBZ0lCQURBS0JnZ3Foa2pPUFFRREFqQWpNU0V3SHdZRFZRUUREQmhyTTNNdGMyVnkKZG1WeUxXTmhRREUyTlRrNU1EVTFOekV3SGhjTk1qSXdPREEzTWpBMU1qVXhXaGNOTXpJd09EQTBNakExTWpVeApXakFqTVNFd0h3WURWUVFEREJock0zTXRjMlZ5ZG1WeUxXTmhRREUyTlRrNU1EVTFOekV3V1RBVEJnY3Foa2pPClBRSUJCZ2dxaGtqT1BRTUJCd05DQUFRb2hYY1FFU0duK3YzUkhyYmpjdE1JemRkQ3BPM2REWUN4M0lER1orYWoKTXVueDA1eE93cGNxTGdrVjdNNEZFQVdrek8yUWpCdnRKNnNINFVJSnBXSktvMEl3UURBT0JnTlZIUThCQWY4RQpCQU1DQXFRd0R3WURWUjBUQVFIL0JBVXdBd0VCL3pBZEJnTlZIUTRFRmdRVTNuTXRGYkxtN0JKaGlWQ0tlcnBuClVXUkZYV3d3Q2dZSUtvWkl6ajBFQXdJRFNBQXdSUUloQU02b0RZUW5SR0FKNDRtUWR4b3d5b2d3MDd0OERhQjcKTFVUbDZHQ21ZaSs1QWlCdWw0bDY0NHRydFZBeVUyWkhZdjg0azgwd00rWUFvNnE1dlVmUVh0MU1ndz09Ci0tLS0tRU5EIENFUlRJRklDQVRFLS0tLS0K\n    server: https://212.2.240.30:6443\n  name: dev-cluster\ncontexts:\n- context:\n    cluster: dev-cluster\n    user: dev-cluster\n  name: dev-cluster\ncurrent-context: dev-cluster\nkind: Config\npreferences: {}\nusers:\n- name: dev-cluster\n  user:\n    client-certificate-data: LS0tLS1CRUdJTiBDRVJUSUZJQ0FURS0tLS0tCk1JSUJrRENDQVRlZ0F3SUJBZ0lJVGlQV3FORTBmOFF3Q2dZSUtvWkl6ajBFQXdJd0l6RWhNQjhHQTFVRUF3d1kKYXpOekxXTnNhV1Z1ZEMxallVQXhOalU1T1RBMU5UY3hNQjRYRFRJeU1EZ3dOekl3TlRJMU1Wb1hEVEl6TURndwpOekl3TlRJMU1Wb3dNREVYTUJVR0ExVUVDaE1PYzNsemRHVnRPbTFoYzNSbGNuTXhGVEFUQmdOVkJBTVRESE41CmMzUmxiVHBoWkcxcGJqQlpNQk1HQnlxR1NNNDlBZ0VHQ0NxR1NNNDlBd0VIQTBJQUJBcStlT0o5UUtodzRQcG4KMGRvUDFpeXh1dnVEbGFJSXhUZnNVaU94K01zTU9ENHRjdHJGczVxZzA2Mk1pQ1oyR29nRWVGdEc0aXlOdFRFUwpwRlpTOVptalNEQkdNQTRHQTFVZER3RUIvd1FFQXdJRm9EQVRCZ05WSFNVRUREQUtCZ2dyQmdFRkJRY0RBakFmCkJnTlZIU01FR0RBV2dCVEtYK0NhNHNKUytud2FRRWg2bHFTTjVJNTlRekFLQmdncWhrak9QUVFEQWdOSEFEQkUKQWlBRStCeXd4dFF3TGFUQkxCNzJUV1E5OHdOSmVaK3JUcmFwZ2huSVg0eHA1UUlnSGNlZTRpaVdHYkFqdHdZaApKbUFxcm5FRjZLWTlMNjQ4SzN0TU9uSXVXTkk9Ci0tLS0tRU5EIENFUlRJRklDQVRFLS0tLS0KLS0tLS1CRUdJTiBDRVJUSUZJQ0FURS0tLS0tCk1JSUJkakNDQVIyZ0F3SUJBZ0lCQURBS0JnZ3Foa2pPUFFRREFqQWpNU0V3SHdZRFZRUUREQmhyTTNNdFkyeHAKWlc1MExXTmhRREUyTlRrNU1EVTFOekV3SGhjTk1qSXdPREEzTWpBMU1qVXhXaGNOTXpJd09EQTBNakExTWpVeApXakFqTVNFd0h3WURWUVFEREJock0zTXRZMnhwWlc1MExXTmhRREUyTlRrNU1EVTFOekV3V1RBVEJnY3Foa2pPClBRSUJCZ2dxaGtqT1BRTUJCd05DQUFSclJTK1kxY2FQeEd5QWpZeWlveDd3dFlSWVdBWVVvNTNpSXdaWDljV2oKUGFKYzhENEhKN1h1UjN6ci9Ub3lkTzdaeXhrU1ppWTVqaXh0dzNmbElPbG5vMEl3UURBT0JnTlZIUThCQWY4RQpCQU1DQXFRd0R3WURWUjBUQVFIL0JBVXdBd0VCL3pBZEJnTlZIUTRFRmdRVXlsL2dtdUxDVXZwOEdrQkllcGFrCmplU09mVU13Q2dZSUtvWkl6ajBFQXdJRFJ3QXdSQUlnTFBCOXFuYm4yUnJpVXY1aXNHZ01yMlBBbTFtZHhTQVIKUytsVEYzcEQvS0VDSURxUUtqakIxNVhxNUZabU9qcm9sMG8vZ2lMWkVHSHNTeWN0ais1K2lLc1UKLS0tLS1FTkQgQ0VSVElGSUNBVEUtLS0tLQo=\n    client-key-data: LS0tLS1CRUdJTiBFQyBQUklWQVRFIEtFWS0tLS0tCk1IY0NBUUVFSU5PbWNSaVJGeDRoNDRDSTErU3JhbHFndEVTOHgxMnlDa2pOZmt3WGdCd3FvQW9HQ0NxR1NNNDkKQXdFSG9VUURRZ0FFQ3I1NDRuMUFxSERnK21mUjJnL1dMTEc2KzRPVm9nakZOK3hTSTdINHl3dzRQaTF5MnNXegptcURUcll5SUpuWWFpQVI0VzBiaUxJMjFNUktrVmxMMW1RPT0KLS0tLS1FTkQgRUMgUFJJVkFURSBLRVktLS0tLQo=\n",
            "kubernetes_version": "1.22.11-k3s1",
            "master_ip": "212.2.240.30",
            "name": "dev-cluster",
            "network_id": "cfc4aa0d-758a-406d-8d24-eeddace50a17",
            "num_target_nodes": 3,
            "pools": [
              {
                "instance_names": [
                  "k3s-dev-cluster-9ded-7de54d-node-pool-9d90-qt7x5",
                  "k3s-dev-cluster-9ded-7de54d-node-pool-9d90-ypc5b",
                  "k3s-dev-cluster-9ded-7de54d-node-pool-9d90-yrucl"
                ],
                "label": "780114f9-b349-49e0-9ae7-42f4d0fad408",
                "node_count": 3,
                "size": "g4s.kube.xsmall"
              }
            ],
            "ready": true,
            "region": "NYC1",
            "status": "ACTIVE",
            "tags": "",
            "target_nodes_size": "g4s.kube.xsmall",
            "timeouts": null
          },
          "sensitive_attributes": [],
          "private": "eyJlMmJmYjczMC1lY2FhLTExZTYtOGY4OC0zNDM2M2JjN2M0YzAiOnsiY3JlYXRlIjoxODAwMDAwMDAwMDAwLCJkZWxldGUiOjE4MDAwMDAwMDAwMDAsInVwZGF0ZSI6MTgwMDAwMDAwMDAwMH19",
          "dependencies": [
            "civo_firewall.my-firewall",
            "data.civo_size.xsmall"
          ]
        }
      ]
    }
  ]
}
